
Microsoft Visual Studio Solution File, Format Version 12.00
# Visual Studio Version 16
VisualStudioVersion = 16.0.30717.126
MinimumVisualStudioVersion = 10.0.40219.1
Project("{8BC9CEB8-8B4A-11D0-8D11-00A0C91BC942}") = "CS-103-lab-2", "CS-103-lab-2.vcxproj", "{9C6DD42B-7DB6-4FBD-8961-1D9CD2D2C138}"
EndProject
Global
	GlobalSection(SolutionConfigurationPlatforms) = preSolution
		Debug|x64 = Debug|x64
		Debug|x86 = Debug|x86
		Release|x64 = Release|x64
		Release|x86 = Release|x86
	EndGlobalSection
	GlobalSection(ProjectConfigurationPlatforms) = postSolution
		{9C6DD42B-7DB6-4FBD-8961-1D9CD2D2C138}.Debug|x64.ActiveCfg = Debug|x64
		{9C6DD42B-7DB6-4FBD-8961-1D9CD2D2C138}.Debug|x64.Build.0 = Debug|x64
		{9C6DD42B-7DB6-4FBD-8961-1D9CD2D2C138}.Debug|x86.ActiveCfg = Debug|Win32
		{9C6DD42B-7DB6-4FBD-8961-1D9CD2D2C138}.Debug|x86.Build.0 = Debug|Win32
		{9C6DD42B-7DB6-4FBD-8961-1D9CD2D2C138}.Release|x64.ActiveCfg = Release|x64
		{9C6DD42B-7DB6-4FBD-8961-1D9CD2D2C138}.Release|x64.Build.0 = Release|x64
		{9C6DD42B-7DB6-4FBD-8961-1D9CD2D2C138}.Release|x86.ActiveCfg = Release|Win32
		{9C6DD42B-7DB6-4FBD-8961-1D9CD2D2C138}.Release|x86.Build.0 = Release|Win32
	EndGlobalSection
	GlobalSection(SolutionProperties) = preSolution
		HideSolutionNode = FALSE
	EndGlobalSection
	GlobalSection(ExtensibilityGlobals) = postSolution
		SolutionGuid = {5471ADA6-EC6A-4532-9413-93E59CC4E210}
	EndGlobalSection
EndGlobal
